
Microsoft Visual Studio Solution File, Format Version 12.00
Project("{FAE04EC0-301F-11D3-BF4B-00C04F79EFBC}") = "HDWalletPoc", "HDWalletPoc\HDWalletPoc.csproj", "{887469D2-B39E-4598-9609-A0C1911DCEF3}"
EndProject
Global
	GlobalSection(SolutionConfigurationPlatforms) = preSolution
		Debug|Any CPU = Debug|Any CPU
		Release|Any CPU = Release|Any CPU
	EndGlobalSection
	GlobalSection(ProjectConfigurationPlatforms) = postSolution
		{887469D2-B39E-4598-9609-A0C1911DCEF3}.Debug|Any CPU.ActiveCfg = Debug|Any CPU
		{887469D2-B39E-4598-9609-A0C1911DCEF3}.Debug|Any CPU.Build.0 = Debug|Any CPU
		{887469D2-B39E-4598-9609-A0C1911DCEF3}.Release|Any CPU.ActiveCfg = Release|Any CPU
		{887469D2-B39E-4598-9609-A0C1911DCEF3}.Release|Any CPU.Build.0 = Release|Any CPU
	EndGlobalSection
EndGlobal
